
Microsoft Visual Studio Solution File, Format Version 12.00
# Visual Studio Version 16
VisualStudioVersion = 16.0.29905.134
MinimumVisualStudioVersion = 10.0.40219.1
Project("{FAE04EC0-301F-11D3-BF4B-00C04F79EFBC}") = "NoticiasAPI", "NoticiasAPI\NoticiasAPI.csproj", "{0BF3CC30-5A69-43E5-A535-F61EEA47C76A}"
EndProject
Global
	GlobalSection(SolutionConfigurationPlatforms) = preSolution
		Debug|Any CPU = Debug|Any CPU
		Release|Any CPU = Release|Any CPU
	EndGlobalSection
	GlobalSection(ProjectConfigurationPlatforms) = postSolution
		{0BF3CC30-5A69-43E5-A535-F61EEA47C76A}.Debug|Any CPU.ActiveCfg = Debug|Any CPU
		{0BF3CC30-5A69-43E5-A535-F61EEA47C76A}.Debug|Any CPU.Build.0 = Debug|Any CPU
		{0BF3CC30-5A69-43E5-A535-F61EEA47C76A}.Release|Any CPU.ActiveCfg = Release|Any CPU
		{0BF3CC30-5A69-43E5-A535-F61EEA47C76A}.Release|Any CPU.Build.0 = Release|Any CPU
	EndGlobalSection
	GlobalSection(SolutionProperties) = preSolution
		HideSolutionNode = FALSE
	EndGlobalSection
	GlobalSection(ExtensibilityGlobals) = postSolution
		SolutionGuid = {089DCFFF-695E-48A4-B836-E3949680D30D}
	EndGlobalSection
EndGlobal
